
Microsoft Visual Studio Solution File, Format Version 12.00
# Visual Studio Version 17
VisualStudioVersion = 17.6.33617.297
MinimumVisualStudioVersion = 10.0.40219.1
Project("{FAE04EC0-301F-11D3-BF4B-00C04F79EFBC}") = "e-commerce", "e-commerce.csproj", "{0E980E60-27DB-4A99-81B7-2A7C4EE0C3A6}"
EndProject
Global
	GlobalSection(SolutionConfigurationPlatforms) = preSolution
		Debug|Any CPU = Debug|Any CPU
		Release|Any CPU = Release|Any CPU
	EndGlobalSection
	GlobalSection(ProjectConfigurationPlatforms) = postSolution
		{0E980E60-27DB-4A99-81B7-2A7C4EE0C3A6}.Debug|Any CPU.ActiveCfg = Debug|Any CPU
		{0E980E60-27DB-4A99-81B7-2A7C4EE0C3A6}.Debug|Any CPU.Build.0 = Debug|Any CPU
		{0E980E60-27DB-4A99-81B7-2A7C4EE0C3A6}.Release|Any CPU.ActiveCfg = Release|Any CPU
		{0E980E60-27DB-4A99-81B7-2A7C4EE0C3A6}.Release|Any CPU.Build.0 = Release|Any CPU
	EndGlobalSection
	GlobalSection(SolutionProperties) = preSolution
		HideSolutionNode = FALSE
	EndGlobalSection
	GlobalSection(ExtensibilityGlobals) = postSolution
		SolutionGuid = {5D0C221F-CB59-4677-B20B-1560CFFDEA0F}
	EndGlobalSection
EndGlobal
